
Microsoft Visual Studio Solution File, Format Version 12.00
# Visual Studio 15
VisualStudioVersion = 15.0.27130.2020
MinimumVisualStudioVersion = 10.0.40219.1
Project("{FAE04EC0-301F-11D3-BF4B-00C04F79EFBC}") = "PeoplePetsApp", "PeoplePetsApp\PeoplePetsApp.csproj", "{8FDB5078-6D8D-491C-B828-063184BB249E}"
EndProject
Global
	GlobalSection(SolutionConfigurationPlatforms) = preSolution
		Debug|Any CPU = Debug|Any CPU
		Release|Any CPU = Release|Any CPU
	EndGlobalSection
	GlobalSection(ProjectConfigurationPlatforms) = postSolution
		{8FDB5078-6D8D-491C-B828-063184BB249E}.Debug|Any CPU.ActiveCfg = Debug|Any CPU
		{8FDB5078-6D8D-491C-B828-063184BB249E}.Debug|Any CPU.Build.0 = Debug|Any CPU
		{8FDB5078-6D8D-491C-B828-063184BB249E}.Release|Any CPU.ActiveCfg = Release|Any CPU
		{8FDB5078-6D8D-491C-B828-063184BB249E}.Release|Any CPU.Build.0 = Release|Any CPU
	EndGlobalSection
	GlobalSection(SolutionProperties) = preSolution
		HideSolutionNode = FALSE
	EndGlobalSection
	GlobalSection(ExtensibilityGlobals) = postSolution
		SolutionGuid = {1EB93291-7224-4B19-8F9C-08111799C497}
	EndGlobalSection
EndGlobal
